GEM
  remote: https://rubygems.org/
  specs:
    builder (3.3.0)
    commonmarker (2.6.3-aarch64-linux)
    commonmarker (2.6.3-arm64-darwin)
    commonmarker (2.6.3-x86_64-linux)
    fastimage (2.4.1)
    logger (1.7.0)
    nio4r (2.7.5)
    nokogiri (1.19.4-aarch64-linux-gnu)
      racc (~> 1.4)
    nokogiri (1.19.4-arm64-darwin)
      racc (~> 1.4)
    nokogiri (1.19.4-x86_64-linux-gnu)
      racc (~> 1.4)
    phlex (2.4.1)
      refract (~> 1.0)
      zeitwerk (~> 2.7)
    prism (1.9.0)
    puma (7.2.1)
      nio4r (~> 2.0)
    racc (1.8.1)
    rack (3.2.6)
    rackup (2.3.1)
      rack (>= 3)
    rake (13.4.2)
    refract (1.1.0)
      prism
      zeitwerk
    rouge (4.7.0)
    zeitwerk (2.8.3)

PLATFORMS
  aarch64-linux
  arm64-darwin
  x86_64-linux

DEPENDENCIES
  builder (~> 3.3)
  commonmarker (~> 2.0)
  fastimage (~> 2.3)
  logger (~> 1.7)
  nokogiri (~> 1.16)
  phlex (~> 2.0)
  puma (~> 7.2)
  rack (~> 3.2)
  rackup (~> 2.0)
  rake (~> 13.4)
  rouge (~> 4.0)
  zeitwerk (~> 2.8)

BUNDLED WITH
  4.0.8
